// !$*UTF8*$!
{
	archiveVersion = 1;
	classes = {
	};
	objectVersion = 56;
	objects = {

/* Begin PBXBuildFile section */
		E30F88032C90DB8700631301 /* AppDelegate.swift in Sources */ = {isa = PBXBuildFile; fileRef = E30F88022C90DB8700631301 /* AppDelegate.swift */; };
		E30F88052C90DB8700631301 /* SceneDelegate.swift in Sources */ = {isa = PBXBuildFile; fileRef = E30F88042C90DB8700631301 /* SceneDelegate.swift */; };
		E30F880D2C90DB8700631301 /* OpenWeather.xcdatamodeld in Sources */ = {isa = PBXBuildFile; fileRef = E30F880B2C90DB8700631301 /* OpenWeather.xcdatamodeld */; };
		E30F880F2C90DB8800631301 /* Assets.xcassets in Resources */ = {isa = PBXBuildFile; fileRef = E30F880E2C90DB8800631301 /* Assets.xcassets */; };
		E30F88122C90DB8800631301 /* Base in Resources */ = {isa = PBXBuildFile; fileRef = E30F88112C90DB8800631301 /* Base */; };
		E30F881E2C90E10900631301 /* SnapKit in Frameworks */ = {isa = PBXBuildFile; productRef = E30F881D2C90E10900631301 /* SnapKit */; };
		E30F88212C90E26300631301 /* RequestMethod.swift in Sources */ = {isa = PBXBuildFile; fileRef = E30F88202C90E26300631301 /* RequestMethod.swift */; };
		E30F88232C90E2B700631301 /* RequestAuthHeader.swift in Sources */ = {isa = PBXBuildFile; fileRef = E30F88222C90E2B700631301 /* RequestAuthHeader.swift */; };
		E30F88252C90E41800631301 /* RequestHeader.swift in Sources */ = {isa = PBXBuildFile; fileRef = E30F88242C90E41800631301 /* RequestHeader.swift */; };
		E30F88282C90E48800631301 /* RequestError.swift in Sources */ = {isa = PBXBuildFile; fileRef = E30F88272C90E48800631301 /* RequestError.swift */; };
		E30F882B2C90E4B100631301 /* RequestManager.swift in Sources */ = {isa = PBXBuildFile; fileRef = E30F882A2C90E4B100631301 /* RequestManager.swift */; };
		E30F882F2C90E85600631301 /* URLSchemes.swift in Sources */ = {isa = PBXBuildFile; fileRef = E30F882E2C90E85600631301 /* URLSchemes.swift */; };
		E30F88312C90E87200631301 /* URLHosts.swift in Sources */ = {isa = PBXBuildFile; fileRef = E30F88302C90E87200631301 /* URLHosts.swift */; };
		E30F88332C90EA0600631301 /* URLPath.swift in Sources */ = {isa = PBXBuildFile; fileRef = E30F88322C90EA0600631301 /* URLPath.swift */; };
		E30F88352C90EB2300631301 /* URLConstructor.swift in Sources */ = {isa = PBXBuildFile; fileRef = E30F88342C90EB2300631301 /* URLConstructor.swift */; };
		E30F88382C90EB4300631301 /* WeatherAPI.swift in Sources */ = {isa = PBXBuildFile; fileRef = E30F88372C90EB4300631301 /* WeatherAPI.swift */; };
		E30F883B2C90ECDA00631301 /* URLError.swift in Sources */ = {isa = PBXBuildFile; fileRef = E30F883A2C90ECDA00631301 /* URLError.swift */; };
		E30F88542C91923600631301 /* LocationWeather.swift in Sources */ = {isa = PBXBuildFile; fileRef = E30F88532C91923600631301 /* LocationWeather.swift */; };
		E30F88562C9193B100631301 /* CurrentWeather.swift in Sources */ = {isa = PBXBuildFile; fileRef = E30F88552C9193B100631301 /* CurrentWeather.swift */; };
		E30F88582C91954C00631301 /* MainWeather.swift in Sources */ = {isa = PBXBuildFile; fileRef = E30F88572C91954C00631301 /* MainWeather.swift */; };
		E30F885A2C91964100631301 /* ForecastWeather.swift in Sources */ = {isa = PBXBuildFile; fileRef = E30F88592C91964100631301 /* ForecastWeather.swift */; };
		E30F885C2C91988700631301 /* DaysWeather.swift in Sources */ = {isa = PBXBuildFile; fileRef = E30F885B2C91988700631301 /* DaysWeather.swift */; };
		E30F885E2C9198F700631301 /* DaysRequestModel.swift in Sources */ = {isa = PBXBuildFile; fileRef = E30F885D2C9198F700631301 /* DaysRequestModel.swift */; };
		E30F88602C91996400631301 /* MainWeatherRequestModel.swift in Sources */ = {isa = PBXBuildFile; fileRef = E30F885F2C91996400631301 /* MainWeatherRequestModel.swift */; };
		E30F88632C919C8B00631301 /* UserDefaultsKey.swift in Sources */ = {isa = PBXBuildFile; fileRef = E30F88622C919C8B00631301 /* UserDefaultsKey.swift */; };
		E30F88652C919CAD00631301 /* UserDefaultsManager.swift in Sources */ = {isa = PBXBuildFile; fileRef = E30F88642C919CAD00631301 /* UserDefaultsManager.swift */; };
		E30F88672C919EB400631301 /* LocationManager.swift in Sources */ = {isa = PBXBuildFile; fileRef = E30F88662C919EB400631301 /* LocationManager.swift */; };
		E30F88692C91B52100631301 /* CoreDataManager.swift in Sources */ = {isa = PBXBuildFile; fileRef = E30F88682C91B52100631301 /* CoreDataManager.swift */; };
		E30F886C2C91B6CB00631301 /* NavigationCoordinator.swift in Sources */ = {isa = PBXBuildFile; fileRef = E30F886B2C91B6CB00631301 /* NavigationCoordinator.swift */; };
		E30F886F2C91B80F00631301 /* MainModel.swift in Sources */ = {isa = PBXBuildFile; fileRef = E30F886E2C91B80F00631301 /* MainModel.swift */; };
		E30F88712C91B84500631301 /* MainViewModel.swift in Sources */ = {isa = PBXBuildFile; fileRef = E30F88702C91B84500631301 /* MainViewModel.swift */; };
		E30F88732C91B96400631301 /* MainViewController.swift in Sources */ = {isa = PBXBuildFile; fileRef = E30F88722C91B96400631301 /* MainViewController.swift */; };
		E30F88762C91CE9700631301 /* DayWetherTableViewCell.swift in Sources */ = {isa = PBXBuildFile; fileRef = E30F88752C91CE9700631301 /* DayWetherTableViewCell.swift */; };
		E30F887A2C91D80C00631301 /* ThreeDaysModel.swift in Sources */ = {isa = PBXBuildFile; fileRef = E30F88792C91D80C00631301 /* ThreeDaysModel.swift */; };
		E30F887C2C91D81400631301 /* ThreeDaysViewModel.swift in Sources */ = {isa = PBXBuildFile; fileRef = E30F887B2C91D81400631301 /* ThreeDaysViewModel.swift */; };
		E30F887E2C91D81D00631301 /* ThreeDaysViewController.swift in Sources */ = {isa = PBXBuildFile; fileRef = E30F887D2C91D81D00631301 /* ThreeDaysViewController.swift */; };
		E37A722B2C91E12D00D6BAD0 /* DaysWeatherEntity+CoreDataClass.swift in Sources */ = {isa = PBXBuildFile; fileRef = E37A72292C91E12D00D6BAD0 /* DaysWeatherEntity+CoreDataClass.swift */; };
		E37A722C2C91E12D00D6BAD0 /* DaysWeatherEntity+CoreDataProperties.swift in Sources */ = {isa = PBXBuildFile; fileRef = E37A722A2C91E12D00D6BAD0 /* DaysWeatherEntity+CoreDataProperties.swift */; };
		E37A722F2C91E55F00D6BAD0 /* CityEditorModel.swift in Sources */ = {isa = PBXBuildFile; fileRef = E37A722E2C91E55F00D6BAD0 /* CityEditorModel.swift */; };
		E37A72312C91E56A00D6BAD0 /* CityEditorViewModel.swift in Sources */ = {isa = PBXBuildFile; fileRef = E37A72302C91E56A00D6BAD0 /* CityEditorViewModel.swift */; };
		E37A72332C91E58C00D6BAD0 /* CityEditorViewController.swift in Sources */ = {isa = PBXBuildFile; fileRef = E37A72322C91E58C00D6BAD0 /* CityEditorViewController.swift */; };
		E37A72362C91EF3400D6BAD0 /* LoaderModel.swift in Sources */ = {isa = PBXBuildFile; fileRef = E37A72352C91EF3400D6BAD0 /* LoaderModel.swift */; };
		E37A72382C91EF3C00D6BAD0 /* LoaderViewModel.swift in Sources */ = {isa = PBXBuildFile; fileRef = E37A72372C91EF3C00D6BAD0 /* LoaderViewModel.swift */; };
		E37A723A2C91EF4200D6BAD0 /* LoaderViewController.swift in Sources */ = {isa = PBXBuildFile; fileRef = E37A72392C91EF4200D6BAD0 /* LoaderViewController.swift */; };
/* End PBXBuildFile section */

/* Begin PBXFileReference section */
		E30F87FF2C90DB8700631301 /* OpenWeather.app */ = {isa = PBXFileReference; explicitFileType = wrapper.application; includeInIndex = 0; path = OpenWeather.app; sourceTree = BUILT_PRODUCTS_DIR; };
		E30F88022C90DB8700631301 /* AppDelegate.swift */ = {isa = PBXFileReference; lastKnownFileType = sourcecode.swift; path = AppDelegate.swift; sourceTree = "<group>"; };
		E30F88042C90DB8700631301 /* SceneDelegate.swift */ = {isa = PBXFileReference; lastKnownFileType = sourcecode.swift; path = SceneDelegate.swift; sourceTree = "<group>"; };
		E30F880C2C90DB8700631301 /* OpenWeather.xcdatamodel */ = {isa = PBXFileReference; lastKnownFileType = wrapper.xcdatamodel; path = OpenWeather.xcdatamodel; sourceTree = "<group>"; };
		E30F880E2C90DB8800631301 /* Assets.xcassets */ = {isa = PBXFileReference; lastKnownFileType = folder.assetcatalog; path = Assets.xcassets; sourceTree = "<group>"; };
		E30F88112C90DB8800631301 /* Base */ = {isa = PBXFileReference; lastKnownFileType = file.storyboard; name = Base; path = Base.lproj/LaunchScreen.storyboard; sourceTree = "<group>"; };
		E30F88132C90DB8800631301 /* Info.plist */ = {isa = PBXFileReference; lastKnownFileType = text.plist.xml; path = Info.plist; sourceTree = "<group>"; };
		E30F88202C90E26300631301 /* RequestMethod.swift */ = {isa = PBXFileReference; lastKnownFileType = sourcecode.swift; path = RequestMethod.swift; sourceTree = "<group>"; };
		E30F88222C90E2B700631301 /* RequestAuthHeader.swift */ = {isa = PBXFileReference; lastKnownFileType = sourcecode.swift; path = RequestAuthHeader.swift; sourceTree = "<group>"; };
		E30F88242C90E41800631301 /* RequestHeader.swift */ = {isa = PBXFileReference; lastKnownFileType = sourcecode.swift; path = RequestHeader.swift; sourceTree = "<group>"; };
		E30F88272C90E48800631301 /* RequestError.swift */ = {isa = PBXFileReference; lastKnownFileType = sourcecode.swift; path = RequestError.swift; sourceTree = "<group>"; };
		E30F882A2C90E4B100631301 /* RequestManager.swift */ = {isa = PBXFileReference; lastKnownFileType = sourcecode.swift; path = RequestManager.swift; sourceTree = "<group>"; };
		E30F882E2C90E85600631301 /* URLSchemes.swift */ = {isa = PBXFileReference; lastKnownFileType = sourcecode.swift; path = URLSchemes.swift; sourceTree = "<group>"; };
		E30F88302C90E87200631301 /* URLHosts.swift */ = {isa = PBXFileReference; lastKnownFileType = sourcecode.swift; path = URLHosts.swift; sourceTree = "<group>"; };
		E30F88322C90EA0600631301 /* URLPath.swift */ = {isa = PBXFileReference; lastKnownFileType = sourcecode.swift; path = URLPath.swift; sourceTree = "<group>"; };
		E30F88342C90EB2300631301 /* URLConstructor.swift */ = {isa = PBXFileReference; lastKnownFileType = sourcecode.swift; path = URLConstructor.swift; sourceTree = "<group>"; };
		E30F88372C90EB4300631301 /* WeatherAPI.swift */ = {isa = PBXFileReference; lastKnownFileType = sourcecode.swift; path = WeatherAPI.swift; sourceTree = "<group>"; };
		E30F883A2C90ECDA00631301 /* URLError.swift */ = {isa = PBXFileReference; lastKnownFileType = sourcecode.swift; path = URLError.swift; sourceTree = "<group>"; };
		E30F88532C91923600631301 /* LocationWeather.swift */ = {isa = PBXFileReference; lastKnownFileType = sourcecode.swift; path = LocationWeather.swift; sourceTree = "<group>"; };
		E30F88552C9193B100631301 /* CurrentWeather.swift */ = {isa = PBXFileReference; lastKnownFileType = sourcecode.swift; path = CurrentWeather.swift; sourceTree = "<group>"; };
		E30F88572C91954C00631301 /* MainWeather.swift */ = {isa = PBXFileReference; lastKnownFileType = sourcecode.swift; path = MainWeather.swift; sourceTree = "<group>"; };
		E30F88592C91964100631301 /* ForecastWeather.swift */ = {isa = PBXFileReference; lastKnownFileType = sourcecode.swift; path = ForecastWeather.swift; sourceTree = "<group>"; };
		E30F885B2C91988700631301 /* DaysWeather.swift */ = {isa = PBXFileReference; lastKnownFileType = sourcecode.swift; path = DaysWeather.swift; sourceTree = "<group>"; };
		E30F885D2C9198F700631301 /* DaysRequestModel.swift */ = {isa = PBXFileReference; lastKnownFileType = sourcecode.swift; path = DaysRequestModel.swift; sourceTree = "<group>"; };
		E30F885F2C91996400631301 /* MainWeatherRequestModel.swift */ = {isa = PBXFileReference; lastKnownFileType = sourcecode.swift; path = MainWeatherRequestModel.swift; sourceTree = "<group>"; };
		E30F88622C919C8B00631301 /* UserDefaultsKey.swift */ = {isa = PBXFileReference; lastKnownFileType = sourcecode.swift; path = UserDefaultsKey.swift; sourceTree = "<group>"; };
		E30F88642C919CAD00631301 /* UserDefaultsManager.swift */ = {isa = PBXFileReference; lastKnownFileType = sourcecode.swift; path = UserDefaultsManager.swift; sourceTree = "<group>"; };
		E30F88662C919EB400631301 /* LocationManager.swift */ = {isa = PBXFileReference; lastKnownFileType = sourcecode.swift; path = LocationManager.swift; sourceTree = "<group>"; };
		E30F88682C91B52100631301 /* CoreDataManager.swift */ = {isa = PBXFileReference; lastKnownFileType = sourcecode.swift; path = CoreDataManager.swift; sourceTree = "<group>"; };
		E30F886B2C91B6CB00631301 /* NavigationCoordinator.swift */ = {isa = PBXFileReference; lastKnownFileType = sourcecode.swift; path = NavigationCoordinator.swift; sourceTree = "<group>"; };
		E30F886E2C91B80F00631301 /* MainModel.swift */ = {isa = PBXFileReference; lastKnownFileType = sourcecode.swift; path = MainModel.swift; sourceTree = "<group>"; };
		E30F88702C91B84500631301 /* MainViewModel.swift */ = {isa = PBXFileReference; lastKnownFileType = sourcecode.swift; path = MainViewModel.swift; sourceTree = "<group>"; };
		E30F88722C91B96400631301 /* MainViewController.swift */ = {isa = PBXFileReference; lastKnownFileType = sourcecode.swift; path = MainViewController.swift; sourceTree = "<group>"; };
		E30F88752C91CE9700631301 /* DayWetherTableViewCell.swift */ = {isa = PBXFileReference; lastKnownFileType = sourcecode.swift; path = DayWetherTableViewCell.swift; sourceTree = "<group>"; };
		E30F88792C91D80C00631301 /* ThreeDaysModel.swift */ = {isa = PBXFileReference; lastKnownFileType = sourcecode.swift; path = ThreeDaysModel.swift; sourceTree = "<group>"; };
		E30F887B2C91D81400631301 /* ThreeDaysViewModel.swift */ = {isa = PBXFileReference; lastKnownFileType = sourcecode.swift; path = ThreeDaysViewModel.swift; sourceTree = "<group>"; };
		E30F887D2C91D81D00631301 /* ThreeDaysViewController.swift */ = {isa = PBXFileReference; lastKnownFileType = sourcecode.swift; path = ThreeDaysViewController.swift; sourceTree = "<group>"; };
		E37A72292C91E12D00D6BAD0 /* DaysWeatherEntity+CoreDataClass.swift */ = {isa = PBXFileReference; lastKnownFileType = sourcecode.swift; path = "DaysWeatherEntity+CoreDataClass.swift"; sourceTree = "<group>"; };
		E37A722A2C91E12D00D6BAD0 /* DaysWeatherEntity+CoreDataProperties.swift */ = {isa = PBXFileReference; lastKnownFileType = sourcecode.swift; path = "DaysWeatherEntity+CoreDataProperties.swift"; sourceTree = "<group>"; };
		E37A722E2C91E55F00D6BAD0 /* CityEditorModel.swift */ = {isa = PBXFileReference; lastKnownFileType = sourcecode.swift; path = CityEditorModel.swift; sourceTree = "<group>"; };
		E37A72302C91E56A00D6BAD0 /* CityEditorViewModel.swift */ = {isa = PBXFileReference; lastKnownFileType = sourcecode.swift; path = CityEditorViewModel.swift; sourceTree = "<group>"; };
		E37A72322C91E58C00D6BAD0 /* CityEditorViewController.swift */ = {isa = PBXFileReference; lastKnownFileType = sourcecode.swift; path = CityEditorViewController.swift; sourceTree = "<group>"; };
		E37A72352C91EF3400D6BAD0 /* LoaderModel.swift */ = {isa = PBXFileReference; lastKnownFileType = sourcecode.swift; path = LoaderModel.swift; sourceTree = "<group>"; };
		E37A72372C91EF3C00D6BAD0 /* LoaderViewModel.swift */ = {isa = PBXFileReference; lastKnownFileType = sourcecode.swift; path = LoaderViewModel.swift; sourceTree = "<group>"; };
		E37A72392C91EF4200D6BAD0 /* LoaderViewController.swift */ = {isa = PBXFileReference; lastKnownFileType = sourcecode.swift; path = LoaderViewController.swift; sourceTree = "<group>"; };
/* End PBXFileReference section */

/* Begin PBXFrameworksBuildPhase section */
		E30F87FC2C90DB8700631301 /* Frameworks */ = {
			isa = PBXFrameworksBuildPhase;
			buildActionMask = 2147483647;
			files = (
				E30F881E2C90E10900631301 /* SnapKit in Frameworks */,
			);
			runOnlyForDeploymentPostprocessing = 0;
		};
/* End PBXFrameworksBuildPhase section */

/* Begin PBXGroup section */
		E30F87F62C90DB8700631301 = {
			isa = PBXGroup;
			children = (
				E30F88012C90DB8700631301 /* OpenWeather */,
				E30F88002C90DB8700631301 /* Products */,
			);
			sourceTree = "<group>";
		};
		E30F88002C90DB8700631301 /* Products */ = {
			isa = PBXGroup;
			children = (
				E30F87FF2C90DB8700631301 /* OpenWeather.app */,
			);
			name = Products;
			sourceTree = "<group>";
		};
		E30F88012C90DB8700631301 /* OpenWeather */ = {
			isa = PBXGroup;
			children = (
				E30F88742C91CE7C00631301 /* View */,
				E30F886D2C91B7F100631301 /* Modules */,
				E30F886A2C91B65F00631301 /* Navigation */,
				E30F883C2C90F21200631301 /* Models */,
				E30F88292C90E49100631301 /* Services */,
				E30F881F2C90E15D00631301 /* Enums */,
				E30F881B2C90DE9800631301 /* Core Data */,
				E30F881A2C90DE8C00631301 /* Sources */,
				E30F88192C90DE6C00631301 /* Supporting Files */,
			);
			path = OpenWeather;
			sourceTree = "<group>";
		};
		E30F88192C90DE6C00631301 /* Supporting Files */ = {
			isa = PBXGroup;
			children = (
				E30F88022C90DB8700631301 /* AppDelegate.swift */,
				E30F88042C90DB8700631301 /* SceneDelegate.swift */,
				E30F88102C90DB8800631301 /* LaunchScreen.storyboard */,
				E30F88132C90DB8800631301 /* Info.plist */,
			);
			path = "Supporting Files";
			sourceTree = "<group>";
		};
		E30F881A2C90DE8C00631301 /* Sources */ = {
			isa = PBXGroup;
			children = (
				E30F88362C90EB3700631301 /* API */,
				E30F880E2C90DB8800631301 /* Assets.xcassets */,
			);
			path = Sources;
			sourceTree = "<group>";
		};
		E30F881B2C90DE9800631301 /* Core Data */ = {
			isa = PBXGroup;
			children = (
				E30F880B2C90DB8700631301 /* OpenWeather.xcdatamodeld */,
			);
			path = "Core Data";
			sourceTree = "<group>";
		};
		E30F881F2C90E15D00631301 /* Enums */ = {
			isa = PBXGroup;
			children = (
				E30F88612C919C7B00631301 /* UserDefaults */,
				E30F88392C90ECC700631301 /* Errors */,
				E30F882D2C90E7D000631301 /* URL Parts */,
				E30F882C2C90E73800631301 /* Request */,
			);
			path = Enums;
			sourceTree = "<group>";
		};
		E30F88292C90E49100631301 /* Services */ = {
			isa = PBXGroup;
			children = (
				E30F882A2C90E4B100631301 /* RequestManager.swift */,
				E30F88342C90EB2300631301 /* URLConstructor.swift */,
				E30F88642C919CAD00631301 /* UserDefaultsManager.swift */,
				E30F88662C919EB400631301 /* LocationManager.swift */,
				E30F88682C91B52100631301 /* CoreDataManager.swift */,
			);
			path = Services;
			sourceTree = "<group>";
		};
		E30F882C2C90E73800631301 /* Request */ = {
			isa = PBXGroup;
			children = (
				E30F88202C90E26300631301 /* RequestMethod.swift */,
				E30F88222C90E2B700631301 /* RequestAuthHeader.swift */,
				E30F88242C90E41800631301 /* RequestHeader.swift */,
			);
			path = Request;
			sourceTree = "<group>";
		};
		E30F882D2C90E7D000631301 /* URL Parts */ = {
			isa = PBXGroup;
			children = (
				E30F882E2C90E85600631301 /* URLSchemes.swift */,
				E30F88302C90E87200631301 /* URLHosts.swift */,
				E30F88322C90EA0600631301 /* URLPath.swift */,
			);
			path = "URL Parts";
			sourceTree = "<group>";
		};
		E30F88362C90EB3700631301 /* API */ = {
			isa = PBXGroup;
			children = (
				E30F88372C90EB4300631301 /* WeatherAPI.swift */,
			);
			path = API;
			sourceTree = "<group>";
		};
		E30F88392C90ECC700631301 /* Errors */ = {
			isa = PBXGroup;
			children = (
				E30F88272C90E48800631301 /* RequestError.swift */,
				E30F883A2C90ECDA00631301 /* URLError.swift */,
			);
			path = Errors;
			sourceTree = "<group>";
		};
		E30F883C2C90F21200631301 /* Models */ = {
			isa = PBXGroup;
			children = (
				E37A72292C91E12D00D6BAD0 /* DaysWeatherEntity+CoreDataClass.swift */,
				E37A722A2C91E12D00D6BAD0 /* DaysWeatherEntity+CoreDataProperties.swift */,
				E30F88532C91923600631301 /* LocationWeather.swift */,
				E30F88552C9193B100631301 /* CurrentWeather.swift */,
				E30F88572C91954C00631301 /* MainWeather.swift */,
				E30F88592C91964100631301 /* ForecastWeather.swift */,
				E30F885B2C91988700631301 /* DaysWeather.swift */,
				E30F885D2C9198F700631301 /* DaysRequestModel.swift */,
				E30F885F2C91996400631301 /* MainWeatherRequestModel.swift */,
			);
			path = Models;
			sourceTree = "<group>";
		};
		E30F88612C919C7B00631301 /* UserDefaults */ = {
			isa = PBXGroup;
			children = (
				E30F88622C919C8B00631301 /* UserDefaultsKey.swift */,
			);
			path = UserDefaults;
			sourceTree = "<group>";
		};
		E30F886A2C91B65F00631301 /* Navigation */ = {
			isa = PBXGroup;
			children = (
				E30F886B2C91B6CB00631301 /* NavigationCoordinator.swift */,
			);
			path = Navigation;
			sourceTree = "<group>";
		};
		E30F886D2C91B7F100631301 /* Modules */ = {
			isa = PBXGroup;
			children = (
				E37A72342C91EF2000D6BAD0 /* Loader */,
				E37A722D2C91E4AE00D6BAD0 /* CityEditor */,
				E30F88782C91D7F800631301 /* ThreeDays */,
				E30F88772C91D7EE00631301 /* Main */,
			);
			path = Modules;
			sourceTree = "<group>";
		};
		E30F88742C91CE7C00631301 /* View */ = {
			isa = PBXGroup;
			children = (
				E30F88752C91CE9700631301 /* DayWetherTableViewCell.swift */,
			);
			path = View;
			sourceTree = "<group>";
		};
		E30F88772C91D7EE00631301 /* Main */ = {
			isa = PBXGroup;
			children = (
				E30F886E2C91B80F00631301 /* MainModel.swift */,
				E30F88702C91B84500631301 /* MainViewModel.swift */,
				E30F88722C91B96400631301 /* MainViewController.swift */,
			);
			path = Main;
			sourceTree = "<group>";
		};
		E30F88782C91D7F800631301 /* ThreeDays */ = {
			isa = PBXGroup;
			children = (
				E30F88792C91D80C00631301 /* ThreeDaysModel.swift */,
				E30F887B2C91D81400631301 /* ThreeDaysViewModel.swift */,
				E30F887D2C91D81D00631301 /* ThreeDaysViewController.swift */,
			);
			path = ThreeDays;
			sourceTree = "<group>";
		};
		E37A722D2C91E4AE00D6BAD0 /* CityEditor */ = {
			isa = PBXGroup;
			children = (
				E37A722E2C91E55F00D6BAD0 /* CityEditorModel.swift */,
				E37A72302C91E56A00D6BAD0 /* CityEditorViewModel.swift */,
				E37A72322C91E58C00D6BAD0 /* CityEditorViewController.swift */,
			);
			path = CityEditor;
			sourceTree = "<group>";
		};
		E37A72342C91EF2000D6BAD0 /* Loader */ = {
			isa = PBXGroup;
			children = (
				E37A72352C91EF3400D6BAD0 /* LoaderModel.swift */,
				E37A72372C91EF3C00D6BAD0 /* LoaderViewModel.swift */,
				E37A72392C91EF4200D6BAD0 /* LoaderViewController.swift */,
			);
			path = Loader;
			sourceTree = "<group>";
		};
/* End PBXGroup section */

/* Begin PBXNativeTarget section */
		E30F87FE2C90DB8700631301 /* OpenWeather */ = {
			isa = PBXNativeTarget;
			buildConfigurationList = E30F88162C90DB8800631301 /* Build configuration list for PBXNativeTarget "OpenWeather" */;
			buildPhases = (
				E30F87FB2C90DB8700631301 /* Sources */,
				E30F87FC2C90DB8700631301 /* Frameworks */,
				E30F87FD2C90DB8700631301 /* Resources */,
			);
			buildRules = (
			);
			dependencies = (
			);
			name = OpenWeather;
			packageProductDependencies = (
				E30F881D2C90E10900631301 /* SnapKit */,
			);
			productName = OpenWeather;
			productReference = E30F87FF2C90DB8700631301 /* OpenWeather.app */;
			productType = "com.apple.product-type.application";
		};
/* End PBXNativeTarget section */

/* Begin PBXProject section */
		E30F87F72C90DB8700631301 /* Project object */ = {
			isa = PBXProject;
			attributes = {
				BuildIndependentTargetsInParallel = 1;
				LastSwiftUpdateCheck = 1540;
				LastUpgradeCheck = 1540;
				TargetAttributes = {
					E30F87FE2C90DB8700631301 = {
						CreatedOnToolsVersion = 15.4;
					};
				};
			};
			buildConfigurationList = E30F87FA2C90DB8700631301 /* Build configuration list for PBXProject "OpenWeather" */;
			compatibilityVersion = "Xcode 14.0";
			developmentRegion = en;
			hasScannedForEncodings = 0;
			knownRegions = (
				en,
				Base,
			);
			mainGroup = E30F87F62C90DB8700631301;
			packageReferences = (
				E30F881C2C90E10900631301 /* XCRemoteSwiftPackageReference "SnapKit" */,
			);
			productRefGroup = E30F88002C90DB8700631301 /* Products */;
			projectDirPath = "";
			projectRoot = "";
			targets = (
				E30F87FE2C90DB8700631301 /* OpenWeather */,
			);
		};
/* End PBXProject section */

/* Begin PBXResourcesBuildPhase section */
		E30F87FD2C90DB8700631301 /* Resources */ = {
			isa = PBXResourcesBuildPhase;
			buildActionMask = 2147483647;
			files = (
				E30F880F2C90DB8800631301 /* Assets.xcassets in Resources */,
				E30F88122C90DB8800631301 /* Base in Resources */,
			);
			runOnlyForDeploymentPostprocessing = 0;
		};
/* End PBXResourcesBuildPhase section */

/* Begin PBXSourcesBuildPhase section */
		E30F87FB2C90DB8700631301 /* Sources */ = {
			isa = PBXSourcesBuildPhase;
			buildActionMask = 2147483647;
			files = (
				E37A722B2C91E12D00D6BAD0 /* DaysWeatherEntity+CoreDataClass.swift in Sources */,
				E37A722C2C91E12D00D6BAD0 /* DaysWeatherEntity+CoreDataProperties.swift in Sources */,
				E37A72332C91E58C00D6BAD0 /* CityEditorViewController.swift in Sources */,
				E30F88352C90EB2300631301 /* URLConstructor.swift in Sources */,
				E30F88382C90EB4300631301 /* WeatherAPI.swift in Sources */,
				E30F885C2C91988700631301 /* DaysWeather.swift in Sources */,
				E30F88562C9193B100631301 /* CurrentWeather.swift in Sources */,
				E30F88332C90EA0600631301 /* URLPath.swift in Sources */,
				E30F882F2C90E85600631301 /* URLSchemes.swift in Sources */,
				E37A72312C91E56A00D6BAD0 /* CityEditorViewModel.swift in Sources */,
				E30F88312C90E87200631301 /* URLHosts.swift in Sources */,
				E30F88712C91B84500631301 /* MainViewModel.swift in Sources */,
				E30F887C2C91D81400631301 /* ThreeDaysViewModel.swift in Sources */,
				E30F88652C919CAD00631301 /* UserDefaultsManager.swift in Sources */,
				E30F88282C90E48800631301 /* RequestError.swift in Sources */,
				E30F88212C90E26300631301 /* RequestMethod.swift in Sources */,
				E30F887E2C91D81D00631301 /* ThreeDaysViewController.swift in Sources */,
				E30F88032C90DB8700631301 /* AppDelegate.swift in Sources */,
				E37A723A2C91EF4200D6BAD0 /* LoaderViewController.swift in Sources */,
				E30F88632C919C8B00631301 /* UserDefaultsKey.swift in Sources */,
				E30F88732C91B96400631301 /* MainViewController.swift in Sources */,
				E30F885A2C91964100631301 /* ForecastWeather.swift in Sources */,
				E30F887A2C91D80C00631301 /* ThreeDaysModel.swift in Sources */,
				E30F88582C91954C00631301 /* MainWeather.swift in Sources */,
				E30F883B2C90ECDA00631301 /* URLError.swift in Sources */,
				E30F882B2C90E4B100631301 /* RequestManager.swift in Sources */,
				E30F886C2C91B6CB00631301 /* NavigationCoordinator.swift in Sources */,
				E30F885E2C9198F700631301 /* DaysRequestModel.swift in Sources */,
				E37A72382C91EF3C00D6BAD0 /* LoaderViewModel.swift in Sources */,
				E30F88542C91923600631301 /* LocationWeather.swift in Sources */,
				E30F88762C91CE9700631301 /* DayWetherTableViewCell.swift in Sources */,
				E30F88692C91B52100631301 /* CoreDataManager.swift in Sources */,
				E30F88232C90E2B700631301 /* RequestAuthHeader.swift in Sources */,
				E30F880D2C90DB8700631301 /* OpenWeather.xcdatamodeld in Sources */,
				E37A72362C91EF3400D6BAD0 /* LoaderModel.swift in Sources */,
				E30F88672C919EB400631301 /* LocationManager.swift in Sources */,
				E30F886F2C91B80F00631301 /* MainModel.swift in Sources */,
				E30F88602C91996400631301 /* MainWeatherRequestModel.swift in Sources */,
				E37A722F2C91E55F00D6BAD0 /* CityEditorModel.swift in Sources */,
				E30F88252C90E41800631301 /* RequestHeader.swift in Sources */,
				E30F88052C90DB8700631301 /* SceneDelegate.swift in Sources */,
			);
			runOnlyForDeploymentPostprocessing = 0;
		};
/* End PBXSourcesBuildPhase section */

/* Begin PBXVariantGroup section */
		E30F88102C90DB8800631301 /* LaunchScreen.storyboard */ = {
			isa = PBXVariantGroup;
			children = (
				E30F88112C90DB8800631301 /* Base */,
			);
			name = LaunchScreen.storyboard;
			sourceTree = "<group>";
		};
/* End PBXVariantGroup section */

/* Begin XCBuildConfiguration section */
		E30F88142C90DB8800631301 /* Debug */ = {
			isa = XCBuildConfiguration;
			buildSettings = {
				ALWAYS_SEARCH_USER_PATHS = NO;
				ASSETCATALOG_COMPILER_GENERATE_SWIFT_ASSET_SYMBOL_EXTENSIONS = YES;
				CLANG_ANALYZER_NONNULL = YES;
				CLANG_ANALYZER_NUMBER_OBJECT_CONVERSION = YES_AGGRESSIVE;
				CLANG_CXX_LANGUAGE_STANDARD = "gnu++20";
				CLANG_ENABLE_MODULES = YES;
				CLANG_ENABLE_OBJC_ARC = YES;
				CLANG_ENABLE_OBJC_WEAK = YES;
				CLANG_WARN_BLOCK_CAPTURE_AUTORELEASING = YES;
				CLANG_WARN_BOOL_CONVERSION = YES;
				CLANG_WARN_COMMA = YES;
				CLANG_WARN_CONSTANT_CONVERSION = YES;
				CLANG_WARN_DEPRECATED_OBJC_IMPLEMENTATIONS = YES;
				CLANG_WARN_DIRECT_OBJC_ISA_USAGE = YES_ERROR;
				CLANG_WARN_DOCUMENTATION_COMMENTS = YES;
				CLANG_WARN_EMPTY_BODY = YES;
				CLANG_WARN_ENUM_CONVERSION = YES;
				CLANG_WARN_INFINITE_RECURSION = YES;
				CLANG_WARN_INT_CONVERSION = YES;
				CLANG_WARN_NON_LITERAL_NULL_CONVERSION = YES;
				CLANG_WARN_OBJC_IMPLICIT_RETAIN_SELF = YES;
				CLANG_WARN_OBJC_LITERAL_CONVERSION = YES;
				CLANG_WARN_OBJC_ROOT_CLASS = YES_ERROR;
				CLANG_WARN_QUOTED_INCLUDE_IN_FRAMEWORK_HEADER = YES;
				CLANG_WARN_RANGE_LOOP_ANALYSIS = YES;
				CLANG_WARN_STRICT_PROTOTYPES = YES;
				CLANG_WARN_SUSPICIOUS_MOVE = YES;
				CLANG_WARN_UNGUARDED_AVAILABILITY = YES_AGGRESSIVE;
				CLANG_WARN_UNREACHABLE_CODE = YES;
				CLANG_WARN__DUPLICATE_METHOD_MATCH = YES;
				COPY_PHASE_STRIP = NO;
				DEBUG_INFORMATION_FORMAT = dwarf;
				ENABLE_STRICT_OBJC_MSGSEND = YES;
				ENABLE_TESTABILITY = YES;
				ENABLE_USER_SCRIPT_SANDBOXING = YES;
				GCC_C_LANGUAGE_STANDARD = gnu17;
				GCC_DYNAMIC_NO_PIC = NO;
				GCC_NO_COMMON_BLOCKS = YES;
				GCC_OPTIMIZATION_LEVEL = 0;
				GCC_PREPROCESSOR_DEFINITIONS = (
					"DEBUG=1",
					"$(inherited)",
				);
				GCC_WARN_64_TO_32_BIT_CONVERSION = YES;
				GCC_WARN_ABOUT_RETURN_TYPE = YES_ERROR;
				GCC_WARN_UNDECLARED_SELECTOR = YES;
				GCC_WARN_UNINITIALIZED_AUTOS = YES_AGGRESSIVE;
				GCC_WARN_UNUSED_FUNCTION = YES;
				GCC_WARN_UNUSED_VARIABLE = YES;
				IPHONEOS_DEPLOYMENT_TARGET = 14.0;
				LOCALIZATION_PREFERS_STRING_CATALOGS = YES;
				MTL_ENABLE_DEBUG_INFO = INCLUDE_SOURCE;
				MTL_FAST_MATH = YES;
				ONLY_ACTIVE_ARCH = YES;
				SDKROOT = iphoneos;
				SWIFT_ACTIVE_COMPILATION_CONDITIONS = "DEBUG $(inherited)";
				SWIFT_OPTIMIZATION_LEVEL = "-Onone";
			};
			name = Debug;
		};
		E30F88152C90DB8800631301 /* Release */ = {
			isa = XCBuildConfiguration;
			buildSettings = {
				ALWAYS_SEARCH_USER_PATHS = NO;
				ASSETCATALOG_COMPILER_GENERATE_SWIFT_ASSET_SYMBOL_EXTENSIONS = YES;
				CLANG_ANALYZER_NONNULL = YES;
				CLANG_ANALYZER_NUMBER_OBJECT_CONVERSION = YES_AGGRESSIVE;
				CLANG_CXX_LANGUAGE_STANDARD = "gnu++20";
				CLANG_ENABLE_MODULES = YES;
				CLANG_ENABLE_OBJC_ARC = YES;
				CLANG_ENABLE_OBJC_WEAK = YES;
				CLANG_WARN_BLOCK_CAPTURE_AUTORELEASING = YES;
				CLANG_WARN_BOOL_CONVERSION = YES;
				CLANG_WARN_COMMA = YES;
				CLANG_WARN_CONSTANT_CONVERSION = YES;
				CLANG_WARN_DEPRECATED_OBJC_IMPLEMENTATIONS = YES;
				CLANG_WARN_DIRECT_OBJC_ISA_USAGE = YES_ERROR;
				CLANG_WARN_DOCUMENTATION_COMMENTS = YES;
				CLANG_WARN_EMPTY_BODY = YES;
				CLANG_WARN_ENUM_CONVERSION = YES;
				CLANG_WARN_INFINITE_RECURSION = YES;
				CLANG_WARN_INT_CONVERSION = YES;
				CLANG_WARN_NON_LITERAL_NULL_CONVERSION = YES;
				CLANG_WARN_OBJC_IMPLICIT_RETAIN_SELF = YES;
				CLANG_WARN_OBJC_LITERAL_CONVERSION = YES;
				CLANG_WARN_OBJC_ROOT_CLASS = YES_ERROR;
				CLANG_WARN_QUOTED_INCLUDE_IN_FRAMEWORK_HEADER = YES;
				CLANG_WARN_RANGE_LOOP_ANALYSIS = YES;
				CLANG_WARN_STRICT_PROTOTYPES = YES;
				CLANG_WARN_SUSPICIOUS_MOVE = YES;
				CLANG_WARN_UNGUARDED_AVAILABILITY = YES_AGGRESSIVE;
				CLANG_WARN_UNREACHABLE_CODE = YES;
				CLANG_WARN__DUPLICATE_METHOD_MATCH = YES;
				COPY_PHASE_STRIP = NO;
				DEBUG_INFORMATION_FORMAT = "dwarf-with-dsym";
				ENABLE_NS_ASSERTIONS = NO;
				ENABLE_STRICT_OBJC_MSGSEND = YES;
				ENABLE_USER_SCRIPT_SANDBOXING = YES;
				GCC_C_LANGUAGE_STANDARD = gnu17;
				GCC_NO_COMMON_BLOCKS = YES;
				GCC_WARN_64_TO_32_BIT_CONVERSION = YES;
				GCC_WARN_ABOUT_RETURN_TYPE = YES_ERROR;
				GCC_WARN_UNDECLARED_SELECTOR = YES;
				GCC_WARN_UNINITIALIZED_AUTOS = YES_AGGRESSIVE;
				GCC_WARN_UNUSED_FUNCTION = YES;
				GCC_WARN_UNUSED_VARIABLE = YES;
				IPHONEOS_DEPLOYMENT_TARGET = 14.0;
				LOCALIZATION_PREFERS_STRING_CATALOGS = YES;
				MTL_ENABLE_DEBUG_INFO = NO;
				MTL_FAST_MATH = YES;
				SDKROOT = iphoneos;
				SWIFT_COMPILATION_MODE = wholemodule;
				VALIDATE_PRODUCT = YES;
			};
			name = Release;
		};
		E30F88172C90DB8800631301 /* Debug */ = {
			isa = XCBuildConfiguration;
			buildSettings = {
				ASSETCATALOG_COMPILER_APPICON_NAME = AppIcon;
				ASSETCATALOG_COMPILER_GLOBAL_ACCENT_COLOR_NAME = AccentColor;
				CODE_SIGN_STYLE = Automatic;
				CURRENT_PROJECT_VERSION = 1;
				DEVELOPMENT_TEAM = FY2MUX2TBL;
				GENERATE_INFOPLIST_FILE = YES;
				INFOPLIST_FILE = "OpenWeather/Supporting Files/Info.plist";
				INFOPLIST_KEY_UIApplicationSupportsIndirectInputEvents = YES;
				INFOPLIST_KEY_UILaunchStoryboardName = LaunchScreen;
				INFOPLIST_KEY_UIMainStoryboardFile = "";
				INFOPLIST_KEY_UISupportedInterfaceOrientations_iPad = "UIInterfaceOrientationPortrait UIInterfaceOrientationPortraitUpsideDown UIInterfaceOrientationLandscapeLeft UIInterfaceOrientationLandscapeRight";
				INFOPLIST_KEY_UISupportedInterfaceOrientations_iPhone = "UIInterfaceOrientationPortrait UIInterfaceOrientationLandscapeLeft UIInterfaceOrientationLandscapeRight";
				IPHONEOS_DEPLOYMENT_TARGET = 14.0;
				LD_RUNPATH_SEARCH_PATHS = (
					"$(inherited)",
					"@executable_path/Frameworks",
				);
				MARKETING_VERSION = 1.0;
				PRODUCT_BUNDLE_IDENTIFIER = "com.artemiy-ziuzin.OpenWeather";
				PRODUCT_NAME = "$(TARGET_NAME)";
				SWIFT_EMIT_LOC_STRINGS = YES;
				SWIFT_VERSION = 5.0;
				TARGETED_DEVICE_FAMILY = "1,2";
			};
			name = Debug;
		};
		E30F88182C90DB8800631301 /* Release */ = {
			isa = XCBuildConfiguration;
			buildSettings = {
				ASSETCATALOG_COMPILER_APPICON_NAME = AppIcon;
				ASSETCATALOG_COMPILER_GLOBAL_ACCENT_COLOR_NAME = AccentColor;
				CODE_SIGN_STYLE = Automatic;
				CURRENT_PROJECT_VERSION = 1;
				DEVELOPMENT_TEAM = FY2MUX2TBL;
				GENERATE_INFOPLIST_FILE = YES;
				INFOPLIST_FILE = "OpenWeather/Supporting Files/Info.plist";
				INFOPLIST_KEY_UIApplicationSupportsIndirectInputEvents = YES;
				INFOPLIST_KEY_UILaunchStoryboardName = LaunchScreen;
				INFOPLIST_KEY_UIMainStoryboardFile = "";
				INFOPLIST_KEY_UISupportedInterfaceOrientations_iPad = "UIInterfaceOrientationPortrait UIInterfaceOrientationPortraitUpsideDown UIInterfaceOrientationLandscapeLeft UIInterfaceOrientationLandscapeRight";
				INFOPLIST_KEY_UISupportedInterfaceOrientations_iPhone = "UIInterfaceOrientationPortrait UIInterfaceOrientationLandscapeLeft UIInterfaceOrientationLandscapeRight";
				IPHONEOS_DEPLOYMENT_TARGET = 14.0;
				LD_RUNPATH_SEARCH_PATHS = (
					"$(inherited)",
					"@executable_path/Frameworks",
				);
				MARKETING_VERSION = 1.0;
				PRODUCT_BUNDLE_IDENTIFIER = "com.artemiy-ziuzin.OpenWeather";
				PRODUCT_NAME = "$(TARGET_NAME)";
				SWIFT_EMIT_LOC_STRINGS = YES;
				SWIFT_VERSION = 5.0;
				TARGETED_DEVICE_FAMILY = "1,2";
			};
			name = Release;
		};
/* End XCBuildConfiguration section */

/* Begin XCConfigurationList section */
		E30F87FA2C90DB8700631301 /* Build configuration list for PBXProject "OpenWeather" */ = {
			isa = XCConfigurationList;
			buildConfigurations = (
				E30F88142C90DB8800631301 /* Debug */,
				E30F88152C90DB8800631301 /* Release */,
			);
			defaultConfigurationIsVisible = 0;
			defaultConfigurationName = Release;
		};
		E30F88162C90DB8800631301 /* Build configuration list for PBXNativeTarget "OpenWeather" */ = {
			isa = XCConfigurationList;
			buildConfigurations = (
				E30F88172C90DB8800631301 /* Debug */,
				E30F88182C90DB8800631301 /* Release */,
			);
			defaultConfigurationIsVisible = 0;
			defaultConfigurationName = Release;
		};
/* End XCConfigurationList section */

/* Begin XCRemoteSwiftPackageReference section */
		E30F881C2C90E10900631301 /* XCRemoteSwiftPackageReference "SnapKit" */ = {
			isa = XCRemoteSwiftPackageReference;
			repositoryURL = "https://github.com/SnapKit/SnapKit";
			requirement = {
				kind = upToNextMajorVersion;
				minimumVersion = 5.7.1;
			};
		};
/* End XCRemoteSwiftPackageReference section */

/* Begin XCSwiftPackageProductDependency section */
		E30F881D2C90E10900631301 /* SnapKit */ = {
			isa = XCSwiftPackageProductDependency;
			package = E30F881C2C90E10900631301 /* XCRemoteSwiftPackageReference "SnapKit" */;
			productName = SnapKit;
		};
/* End XCSwiftPackageProductDependency section */

/* Begin XCVersionGroup section */
		E30F880B2C90DB8700631301 /* OpenWeather.xcdatamodeld */ = {
			isa = XCVersionGroup;
			children = (
				E30F880C2C90DB8700631301 /* OpenWeather.xcdatamodel */,
			);
			currentVersion = E30F880C2C90DB8700631301 /* OpenWeather.xcdatamodel */;
			path = OpenWeather.xcdatamodeld;
			sourceTree = "<group>";
			versionGroupType = wrapper.xcdatamodel;
		};
/* End XCVersionGroup section */
	};
	rootObject = E30F87F72C90DB8700631301 /* Project object */;
}
